{
  "name": "@jetpack-monorepo-repro/package-c",
  "version": "1.0.0",
  "lockfileVersion": 2,
  "requires": true,
  "packages": {
    "": {
      "name": "@jetpack-monorepo-repro/package-c",
      "version": "1.0.0",
      "license": "ISC",
      "dependencies": {
        "lodash": "4.17.20"
      },
      "devDependencies": {
        "@types/lodash": "4.14.163",
        "typescript": "4.0.3"
      }
    },
    "node_modules/@types/lodash": {
      "version": "4.14.163",
      "resolved": "https://registry.npmjs.org/@types/lodash/-/lodash-4.14.163.tgz",
      "integrity": "sha512-BeZM/FZaV53emqyHxn9L39Oz6XbHMBRLA1b1quROku48J/1kYYxPmVOJ/qSQheb81on4BI7H6QDo6bkUuRaDNQ==",
      "dev": true
    },
    "node_modules/lodash": {
      "version": "4.17.20",
      "resolved": "https://registry.npmjs.org/lodash/-/lodash-4.17.20.tgz",
      "integrity": "sha512-PlhdFcillOINfeV7Ni6oF1TAEayyZBoZ8bcshTHqOYJYlrqzRK5hagpagky5o4HfCzzd1TRkXPMFq6cKk9rGmA=="
    },
    "node_modules/typescript": {
      "version": "4.0.3",
      "resolved": "https://registry.npmjs.org/typescript/-/typescript-4.0.3.tgz",
      "integrity": "sha512-tEu6DGxGgRJPb/mVPIZ48e69xCn2yRmCgYmDugAVwmJ6o+0u1RI18eO7E7WBTLYLaEVVOhwQmcdhQHweux/WPg==",
      "dev": true,
      "bin": {
        "tsc": "bin/tsc",
        "tsserver": "bin/tsserver"
      },
      "engines": {
        "node": ">=4.2.0"
      }
    }
  },
  "dependencies": {
    "@types/lodash": {
      "version": "4.14.163",
      "resolved": "https://registry.npmjs.org/@types/lodash/-/lodash-4.14.163.tgz",
      "integrity": "sha512-BeZM/FZaV53emqyHxn9L39Oz6XbHMBRLA1b1quROku48J/1kYYxPmVOJ/qSQheb81on4BI7H6QDo6bkUuRaDNQ==",
      "dev": true
    },
    "lodash": {
      "version": "4.17.20",
      "resolved": "https://registry.npmjs.org/lodash/-/lodash-4.17.20.tgz",
      "integrity": "sha512-PlhdFcillOINfeV7Ni6oF1TAEayyZBoZ8bcshTHqOYJYlrqzRK5hagpagky5o4HfCzzd1TRkXPMFq6cKk9rGmA=="
    },
    "typescript": {
      "version": "4.0.3",
      "resolved": "https://registry.npmjs.org/typescript/-/typescript-4.0.3.tgz",
      "integrity": "sha512-tEu6DGxGgRJPb/mVPIZ48e69xCn2yRmCgYmDugAVwmJ6o+0u1RI18eO7E7WBTLYLaEVVOhwQmcdhQHweux/WPg==",
      "dev": true
    }
  }
}
